
Microsoft Visual Studio Solution File, Format Version 12.00
# Visual Studio Version 16
VisualStudioVersion = 16.0.809.4
MinimumVisualStudioVersion = 10.0.40219.1
Project("{FAE04EC0-301F-11D3-BF4B-00C04F79EFBC}") = "MyGram", "MyGram\MyGram.csproj", "{49EF74BA-C98A-468B-A61A-8BA6E9AF3707}"
EndProject
Global
	GlobalSection(SolutionConfigurationPlatforms) = preSolution
		Debug|Any CPU = Debug|Any CPU
		Release|Any CPU = Release|Any CPU
	EndGlobalSection
	GlobalSection(ProjectConfigurationPlatforms) = postSolution
		{49EF74BA-C98A-468B-A61A-8BA6E9AF3707}.Debug|Any CPU.ActiveCfg = Debug|Any CPU
		{49EF74BA-C98A-468B-A61A-8BA6E9AF3707}.Debug|Any CPU.Build.0 = Debug|Any CPU
		{49EF74BA-C98A-468B-A61A-8BA6E9AF3707}.Release|Any CPU.ActiveCfg = Release|Any CPU
		{49EF74BA-C98A-468B-A61A-8BA6E9AF3707}.Release|Any CPU.Build.0 = Release|Any CPU
	EndGlobalSection
	GlobalSection(SolutionProperties) = preSolution
		HideSolutionNode = FALSE
	EndGlobalSection
	GlobalSection(ExtensibilityGlobals) = postSolution
		SolutionGuid = {487DC138-7E9C-4212-AD76-28797032C50A}
	EndGlobalSection
EndGlobal
